
Microsoft Visual Studio Solution File, Format Version 12.00
# Visual Studio Version 16
VisualStudioVersion = 16.0.31624.102
MinimumVisualStudioVersion = 10.0.40219.1
Project("{FAE04EC0-301F-11D3-BF4B-00C04F79EFBC}") = "VuBinhMinh_2019604575_proj63", "VuBinhMinh_2019604575_proj63.csproj", "{F34587B8-2924-41F7-99C1-D492D31D06A4}"
EndProject
Global
	GlobalSection(SolutionConfigurationPlatforms) = preSolution
		Debug|Any CPU = Debug|Any CPU
		Release|Any CPU = Release|Any CPU
	EndGlobalSection
	GlobalSection(ProjectConfigurationPlatforms) = postSolution
		{F34587B8-2924-41F7-99C1-D492D31D06A4}.Debug|Any CPU.ActiveCfg = Debug|Any CPU
		{F34587B8-2924-41F7-99C1-D492D31D06A4}.Debug|Any CPU.Build.0 = Debug|Any CPU
		{F34587B8-2924-41F7-99C1-D492D31D06A4}.Release|Any CPU.ActiveCfg = Release|Any CPU
		{F34587B8-2924-41F7-99C1-D492D31D06A4}.Release|Any CPU.Build.0 = Release|Any CPU
	EndGlobalSection
	GlobalSection(SolutionProperties) = preSolution
		HideSolutionNode = FALSE
	EndGlobalSection
	GlobalSection(ExtensibilityGlobals) = postSolution
		SolutionGuid = {0B68B7F8-AC8D-486E-8A29-23803350DF6A}
	EndGlobalSection
EndGlobal
