
Microsoft Visual Studio Solution File, Format Version 12.00
# Visual Studio Version 16
VisualStudioVersion = 16.0.31911.196
MinimumVisualStudioVersion = 10.0.40219.1
Project("{FAE04EC0-301F-11D3-BF4B-00C04F79EFBC}") = "EFCore", "EFCore\EFCore.csproj", "{1D83455D-4EFA-4840-90B6-BEF4A0C99920}"
EndProject
Global
	GlobalSection(SolutionConfigurationPlatforms) = preSolution
		Debug|Any CPU = Debug|Any CPU
		Release|Any CPU = Release|Any CPU
	EndGlobalSection
	GlobalSection(ProjectConfigurationPlatforms) = postSolution
		{1D83455D-4EFA-4840-90B6-BEF4A0C99920}.Debug|Any CPU.ActiveCfg = Debug|Any CPU
		{1D83455D-4EFA-4840-90B6-BEF4A0C99920}.Debug|Any CPU.Build.0 = Debug|Any CPU
		{1D83455D-4EFA-4840-90B6-BEF4A0C99920}.Release|Any CPU.ActiveCfg = Release|Any CPU
		{1D83455D-4EFA-4840-90B6-BEF4A0C99920}.Release|Any CPU.Build.0 = Release|Any CPU
	EndGlobalSection
	GlobalSection(SolutionProperties) = preSolution
		HideSolutionNode = FALSE
	EndGlobalSection
	GlobalSection(ExtensibilityGlobals) = postSolution
		SolutionGuid = {304FB55D-37C1-479F-BE91-16EE6DB3A2EB}
	EndGlobalSection
EndGlobal
