
Microsoft Visual Studio Solution File, Format Version 12.00
# Visual Studio Version 16
VisualStudioVersion = 16.0.31624.102
MinimumVisualStudioVersion = 10.0.40219.1
Project("{FAE04EC0-301F-11D3-BF4B-00C04F79EFBC}") = "VuBinhMinh_2019604575_project62", "VuBinhMinh_2019604575_project62\VuBinhMinh_2019604575_project62.csproj", "{D6C3092A-AB83-4421-82EC-46FD10CB4A2E}"
EndProject
Global
	GlobalSection(SolutionConfigurationPlatforms) = preSolution
		Debug|Any CPU = Debug|Any CPU
		Release|Any CPU = Release|Any CPU
	EndGlobalSection
	GlobalSection(ProjectConfigurationPlatforms) = postSolution
		{D6C3092A-AB83-4421-82EC-46FD10CB4A2E}.Debug|Any CPU.ActiveCfg = Debug|Any CPU
		{D6C3092A-AB83-4421-82EC-46FD10CB4A2E}.Debug|Any CPU.Build.0 = Debug|Any CPU
		{D6C3092A-AB83-4421-82EC-46FD10CB4A2E}.Release|Any CPU.ActiveCfg = Release|Any CPU
		{D6C3092A-AB83-4421-82EC-46FD10CB4A2E}.Release|Any CPU.Build.0 = Release|Any CPU
	EndGlobalSection
	GlobalSection(SolutionProperties) = preSolution
		HideSolutionNode = FALSE
	EndGlobalSection
	GlobalSection(ExtensibilityGlobals) = postSolution
		SolutionGuid = {40764235-AFC4-4E9F-AAC2-8278FC9AE17F}
	EndGlobalSection
EndGlobal
