
Microsoft Visual Studio Solution File, Format Version 12.00
# Visual Studio Version 16
VisualStudioVersion = 16.0.31702.278
MinimumVisualStudioVersion = 10.0.40219.1
Project("{FAE04EC0-301F-11D3-BF4B-00C04F79EFBC}") = "DemoDelegate", "DemoDelegate\DemoDelegate.csproj", "{2915A03C-FA87-4D89-B4A0-21AA11FA47E4}"
EndProject
Project("{FAE04EC0-301F-11D3-BF4B-00C04F79EFBC}") = "DemoAnonymousMethod", "DemoAnonymousMethod\DemoAnonymousMethod.csproj", "{94320124-67AD-4D6F-8DF0-C8CE844ACB04}"
EndProject
Project("{FAE04EC0-301F-11D3-BF4B-00C04F79EFBC}") = "DemLambda", "DemLambda\DemLambda.csproj", "{E9BE4B38-8262-4A8F-B00B-C1AC57489C1C}"
EndProject
Project("{FAE04EC0-301F-11D3-BF4B-00C04F79EFBC}") = "DemoAnonymousType", "DemoAnonymousType\DemoAnonymousType.csproj", "{56697E76-2837-4D19-926D-7222DE9084B2}"
EndProject
Project("{FAE04EC0-301F-11D3-BF4B-00C04F79EFBC}") = "DemoFunc", "DemoFunc\DemoFunc.csproj", "{727A63CB-B2FA-4363-9011-0271EAF14E15}"
EndProject
Global
	GlobalSection(SolutionConfigurationPlatforms) = preSolution
		Debug|Any CPU = Debug|Any CPU
		Release|Any CPU = Release|Any CPU
	EndGlobalSection
	GlobalSection(ProjectConfigurationPlatforms) = postSolution
		{2915A03C-FA87-4D89-B4A0-21AA11FA47E4}.Debug|Any CPU.ActiveCfg = Debug|Any CPU
		{2915A03C-FA87-4D89-B4A0-21AA11FA47E4}.Debug|Any CPU.Build.0 = Debug|Any CPU
		{2915A03C-FA87-4D89-B4A0-21AA11FA47E4}.Release|Any CPU.ActiveCfg = Release|Any CPU
		{2915A03C-FA87-4D89-B4A0-21AA11FA47E4}.Release|Any CPU.Build.0 = Release|Any CPU
		{94320124-67AD-4D6F-8DF0-C8CE844ACB04}.Debug|Any CPU.ActiveCfg = Debug|Any CPU
		{94320124-67AD-4D6F-8DF0-C8CE844ACB04}.Debug|Any CPU.Build.0 = Debug|Any CPU
		{94320124-67AD-4D6F-8DF0-C8CE844ACB04}.Release|Any CPU.ActiveCfg = Release|Any CPU
		{94320124-67AD-4D6F-8DF0-C8CE844ACB04}.Release|Any CPU.Build.0 = Release|Any CPU
		{E9BE4B38-8262-4A8F-B00B-C1AC57489C1C}.Debug|Any CPU.ActiveCfg = Debug|Any CPU
		{E9BE4B38-8262-4A8F-B00B-C1AC57489C1C}.Debug|Any CPU.Build.0 = Debug|Any CPU
		{E9BE4B38-8262-4A8F-B00B-C1AC57489C1C}.Release|Any CPU.ActiveCfg = Release|Any CPU
		{E9BE4B38-8262-4A8F-B00B-C1AC57489C1C}.Release|Any CPU.Build.0 = Release|Any CPU
		{56697E76-2837-4D19-926D-7222DE9084B2}.Debug|Any CPU.ActiveCfg = Debug|Any CPU
		{56697E76-2837-4D19-926D-7222DE9084B2}.Debug|Any CPU.Build.0 = Debug|Any CPU
		{56697E76-2837-4D19-926D-7222DE9084B2}.Release|Any CPU.ActiveCfg = Release|Any CPU
		{56697E76-2837-4D19-926D-7222DE9084B2}.Release|Any CPU.Build.0 = Release|Any CPU
		{727A63CB-B2FA-4363-9011-0271EAF14E15}.Debug|Any CPU.ActiveCfg = Debug|Any CPU
		{727A63CB-B2FA-4363-9011-0271EAF14E15}.Debug|Any CPU.Build.0 = Debug|Any CPU
		{727A63CB-B2FA-4363-9011-0271EAF14E15}.Release|Any CPU.ActiveCfg = Release|Any CPU
		{727A63CB-B2FA-4363-9011-0271EAF14E15}.Release|Any CPU.Build.0 = Release|Any CPU
	EndGlobalSection
	GlobalSection(SolutionProperties) = preSolution
		HideSolutionNode = FALSE
	EndGlobalSection
	GlobalSection(ExtensibilityGlobals) = postSolution
		SolutionGuid = {A1916F2D-89DF-4D5B-B6A8-FC90F58E4A09}
	EndGlobalSection
EndGlobal
