
Microsoft Visual Studio Solution File, Format Version 12.00
# Visual Studio Version 16
VisualStudioVersion = 16.0.31624.102
MinimumVisualStudioVersion = 10.0.40219.1
Project("{FAE04EC0-301F-11D3-BF4B-00C04F79EFBC}") = "demoooo", "demoooo.csproj", "{DE70A193-457D-4A19-B391-1D7271535C04}"
EndProject
Global
	GlobalSection(SolutionConfigurationPlatforms) = preSolution
		Debug|Any CPU = Debug|Any CPU
		Release|Any CPU = Release|Any CPU
	EndGlobalSection
	GlobalSection(ProjectConfigurationPlatforms) = postSolution
		{DE70A193-457D-4A19-B391-1D7271535C04}.Debug|Any CPU.ActiveCfg = Debug|Any CPU
		{DE70A193-457D-4A19-B391-1D7271535C04}.Debug|Any CPU.Build.0 = Debug|Any CPU
		{DE70A193-457D-4A19-B391-1D7271535C04}.Release|Any CPU.ActiveCfg = Release|Any CPU
		{DE70A193-457D-4A19-B391-1D7271535C04}.Release|Any CPU.Build.0 = Release|Any CPU
	EndGlobalSection
	GlobalSection(SolutionProperties) = preSolution
		HideSolutionNode = FALSE
	EndGlobalSection
	GlobalSection(ExtensibilityGlobals) = postSolution
		SolutionGuid = {BB3706E3-D8D0-4120-95D5-099E830F6871}
	EndGlobalSection
EndGlobal
