
Microsoft Visual Studio Solution File, Format Version 12.00
# Visual Studio Version 16
VisualStudioVersion = 16.0.31702.278
MinimumVisualStudioVersion = 10.0.40219.1
Project("{FAE04EC0-301F-11D3-BF4B-00C04F79EFBC}") = "DemoStyle", "DemoStyle\DemoStyle.csproj", "{FC822345-08E7-4BC5-AF67-A27BC2F3B699}"
EndProject
Project("{FAE04EC0-301F-11D3-BF4B-00C04F79EFBC}") = "DemoStyleFromFile", "DemoStyleFromFile\DemoStyleFromFile.csproj", "{F5B719A3-D327-4013-9C99-5AA5E4AD6C04}"
EndProject
Project("{FAE04EC0-301F-11D3-BF4B-00C04F79EFBC}") = "DemoControlTemplate", "DemoControlTemplate\DemoControlTemplate.csproj", "{EF6929EE-D190-4C89-A4EA-2C4371B9E769}"
EndProject
Global
	GlobalSection(SolutionConfigurationPlatforms) = preSolution
		Debug|Any CPU = Debug|Any CPU
		Release|Any CPU = Release|Any CPU
	EndGlobalSection
	GlobalSection(ProjectConfigurationPlatforms) = postSolution
		{FC822345-08E7-4BC5-AF67-A27BC2F3B699}.Debug|Any CPU.ActiveCfg = Debug|Any CPU
		{FC822345-08E7-4BC5-AF67-A27BC2F3B699}.Debug|Any CPU.Build.0 = Debug|Any CPU
		{FC822345-08E7-4BC5-AF67-A27BC2F3B699}.Release|Any CPU.ActiveCfg = Release|Any CPU
		{FC822345-08E7-4BC5-AF67-A27BC2F3B699}.Release|Any CPU.Build.0 = Release|Any CPU
		{F5B719A3-D327-4013-9C99-5AA5E4AD6C04}.Debug|Any CPU.ActiveCfg = Debug|Any CPU
		{F5B719A3-D327-4013-9C99-5AA5E4AD6C04}.Debug|Any CPU.Build.0 = Debug|Any CPU
		{F5B719A3-D327-4013-9C99-5AA5E4AD6C04}.Release|Any CPU.ActiveCfg = Release|Any CPU
		{F5B719A3-D327-4013-9C99-5AA5E4AD6C04}.Release|Any CPU.Build.0 = Release|Any CPU
		{EF6929EE-D190-4C89-A4EA-2C4371B9E769}.Debug|Any CPU.ActiveCfg = Debug|Any CPU
		{EF6929EE-D190-4C89-A4EA-2C4371B9E769}.Debug|Any CPU.Build.0 = Debug|Any CPU
		{EF6929EE-D190-4C89-A4EA-2C4371B9E769}.Release|Any CPU.ActiveCfg = Release|Any CPU
		{EF6929EE-D190-4C89-A4EA-2C4371B9E769}.Release|Any CPU.Build.0 = Release|Any CPU
	EndGlobalSection
	GlobalSection(SolutionProperties) = preSolution
		HideSolutionNode = FALSE
	EndGlobalSection
	GlobalSection(ExtensibilityGlobals) = postSolution
		SolutionGuid = {16CFC849-6C6D-4D7D-B534-C67882200E77}
	EndGlobalSection
EndGlobal
