
Microsoft Visual Studio Solution File, Format Version 12.00
# Visual Studio Version 16
VisualStudioVersion = 16.0.31911.196
MinimumVisualStudioVersion = 10.0.40219.1
Project("{FAE04EC0-301F-11D3-BF4B-00C04F79EFBC}") = "Bài_TH_Minh", "Bài_TH_Minh\Bài_TH_Minh.csproj", "{DD63BDC3-AF90-4C3D-A329-754984C02E6B}"
EndProject
Global
	GlobalSection(SolutionConfigurationPlatforms) = preSolution
		Debug|Any CPU = Debug|Any CPU
		Release|Any CPU = Release|Any CPU
	EndGlobalSection
	GlobalSection(ProjectConfigurationPlatforms) = postSolution
		{DD63BDC3-AF90-4C3D-A329-754984C02E6B}.Debug|Any CPU.ActiveCfg = Debug|Any CPU
		{DD63BDC3-AF90-4C3D-A329-754984C02E6B}.Debug|Any CPU.Build.0 = Debug|Any CPU
		{DD63BDC3-AF90-4C3D-A329-754984C02E6B}.Release|Any CPU.ActiveCfg = Release|Any CPU
		{DD63BDC3-AF90-4C3D-A329-754984C02E6B}.Release|Any CPU.Build.0 = Release|Any CPU
	EndGlobalSection
	GlobalSection(SolutionProperties) = preSolution
		HideSolutionNode = FALSE
	EndGlobalSection
	GlobalSection(ExtensibilityGlobals) = postSolution
		SolutionGuid = {5328EA33-E4A7-4E5C-809F-42D73B86A5BB}
	EndGlobalSection
EndGlobal
