
Microsoft Visual Studio Solution File, Format Version 12.00
# Visual Studio Version 16
VisualStudioVersion = 16.0.31624.102
MinimumVisualStudioVersion = 10.0.40219.1
Project("{9A19103F-16F7-4668-BE54-9A1E7A4F7556}") = "Bai_9.1_Minh", "Bai_9.1_Minh\Bai_9.1_Minh.csproj", "{8591A02E-1F64-412E-AF34-7239571B175B}"
EndProject
Project("{9A19103F-16F7-4668-BE54-9A1E7A4F7556}") = "Bai_9.2_Minh", "Bai_9.2_Minh\Bai_9.2_Minh.csproj", "{EDB45357-980C-4781-A59C-E82045400E1D}"
EndProject
Project("{9A19103F-16F7-4668-BE54-9A1E7A4F7556}") = "Bai_9.3_Minh", "Bai_9.3_Minh\Bai_9.3_Minh.csproj", "{1734F9F5-F571-47F6-9985-7FA225FECD3C}"
EndProject
Project("{9A19103F-16F7-4668-BE54-9A1E7A4F7556}") = "Bai_9.4_Minh", "Bai_9.4_Minh\Bai_9.4_Minh.csproj", "{9F4486F0-7902-497D-947E-629F4594F4B5}"
EndProject
Project("{FAE04EC0-301F-11D3-BF4B-00C04F79EFBC}") = "Bai_9.5_Minh", "Bai_9.5_Minh\Bai_9.5_Minh.csproj", "{8ED29E0C-0089-4D7F-BC8A-EE651F0D94A8}"
EndProject
Global
	GlobalSection(SolutionConfigurationPlatforms) = preSolution
		Debug|Any CPU = Debug|Any CPU
		Release|Any CPU = Release|Any CPU
	EndGlobalSection
	GlobalSection(ProjectConfigurationPlatforms) = postSolution
		{8591A02E-1F64-412E-AF34-7239571B175B}.Debug|Any CPU.ActiveCfg = Debug|Any CPU
		{8591A02E-1F64-412E-AF34-7239571B175B}.Debug|Any CPU.Build.0 = Debug|Any CPU
		{8591A02E-1F64-412E-AF34-7239571B175B}.Release|Any CPU.ActiveCfg = Release|Any CPU
		{8591A02E-1F64-412E-AF34-7239571B175B}.Release|Any CPU.Build.0 = Release|Any CPU
		{EDB45357-980C-4781-A59C-E82045400E1D}.Debug|Any CPU.ActiveCfg = Debug|Any CPU
		{EDB45357-980C-4781-A59C-E82045400E1D}.Debug|Any CPU.Build.0 = Debug|Any CPU
		{EDB45357-980C-4781-A59C-E82045400E1D}.Release|Any CPU.ActiveCfg = Release|Any CPU
		{EDB45357-980C-4781-A59C-E82045400E1D}.Release|Any CPU.Build.0 = Release|Any CPU
		{1734F9F5-F571-47F6-9985-7FA225FECD3C}.Debug|Any CPU.ActiveCfg = Debug|Any CPU
		{1734F9F5-F571-47F6-9985-7FA225FECD3C}.Debug|Any CPU.Build.0 = Debug|Any CPU
		{1734F9F5-F571-47F6-9985-7FA225FECD3C}.Release|Any CPU.ActiveCfg = Release|Any CPU
		{1734F9F5-F571-47F6-9985-7FA225FECD3C}.Release|Any CPU.Build.0 = Release|Any CPU
		{9F4486F0-7902-497D-947E-629F4594F4B5}.Debug|Any CPU.ActiveCfg = Debug|Any CPU
		{9F4486F0-7902-497D-947E-629F4594F4B5}.Debug|Any CPU.Build.0 = Debug|Any CPU
		{9F4486F0-7902-497D-947E-629F4594F4B5}.Release|Any CPU.ActiveCfg = Release|Any CPU
		{9F4486F0-7902-497D-947E-629F4594F4B5}.Release|Any CPU.Build.0 = Release|Any CPU
		{8ED29E0C-0089-4D7F-BC8A-EE651F0D94A8}.Debug|Any CPU.ActiveCfg = Debug|Any CPU
		{8ED29E0C-0089-4D7F-BC8A-EE651F0D94A8}.Debug|Any CPU.Build.0 = Debug|Any CPU
		{8ED29E0C-0089-4D7F-BC8A-EE651F0D94A8}.Release|Any CPU.ActiveCfg = Release|Any CPU
		{8ED29E0C-0089-4D7F-BC8A-EE651F0D94A8}.Release|Any CPU.Build.0 = Release|Any CPU
	EndGlobalSection
	GlobalSection(SolutionProperties) = preSolution
		HideSolutionNode = FALSE
	EndGlobalSection
	GlobalSection(ExtensibilityGlobals) = postSolution
		SolutionGuid = {B0CA97D4-CDF5-4D55-A6AC-2875AFC51E3F}
	EndGlobalSection
EndGlobal
