
Microsoft Visual Studio Solution File, Format Version 12.00
# Visual Studio Version 16
VisualStudioVersion = 16.0.31624.102
MinimumVisualStudioVersion = 10.0.40219.1
Project("{FAE04EC0-301F-11D3-BF4B-00C04F79EFBC}") = "de2_Minh_575", "de2_Minh_575\de2_Minh_575.csproj", "{D5B54C35-C40E-40AF-B54C-110879B81DE6}"
EndProject
Global
	GlobalSection(SolutionConfigurationPlatforms) = preSolution
		Debug|Any CPU = Debug|Any CPU
		Release|Any CPU = Release|Any CPU
	EndGlobalSection
	GlobalSection(ProjectConfigurationPlatforms) = postSolution
		{D5B54C35-C40E-40AF-B54C-110879B81DE6}.Debug|Any CPU.ActiveCfg = Debug|Any CPU
		{D5B54C35-C40E-40AF-B54C-110879B81DE6}.Debug|Any CPU.Build.0 = Debug|Any CPU
		{D5B54C35-C40E-40AF-B54C-110879B81DE6}.Release|Any CPU.ActiveCfg = Release|Any CPU
		{D5B54C35-C40E-40AF-B54C-110879B81DE6}.Release|Any CPU.Build.0 = Release|Any CPU
	EndGlobalSection
	GlobalSection(SolutionProperties) = preSolution
		HideSolutionNode = FALSE
	EndGlobalSection
	GlobalSection(ExtensibilityGlobals) = postSolution
		SolutionGuid = {E313A704-AB30-4865-9313-8BDD82694945}
	EndGlobalSection
EndGlobal
